
Microsoft Visual Studio Solution File, Format Version 12.00
# Visual Studio Version 16
VisualStudioVersion = 16.0.30204.135
MinimumVisualStudioVersion = 10.0.40219.1
Project("{FAE04EC0-301F-11D3-BF4B-00C04F79EFBC}") = "CourseEnum", "CourseEnum\CourseEnum.csproj", "{56691F1E-0F0B-4A48-8127-7AE3723D5208}"
EndProject
Global
	GlobalSection(SolutionConfigurationPlatforms) = preSolution
		Debug|Any CPU = Debug|Any CPU
		Release|Any CPU = Release|Any CPU
	EndGlobalSection
	GlobalSection(ProjectConfigurationPlatforms) = postSolution
		{56691F1E-0F0B-4A48-8127-7AE3723D5208}.Debug|Any CPU.ActiveCfg = Debug|Any CPU
		{56691F1E-0F0B-4A48-8127-7AE3723D5208}.Debug|Any CPU.Build.0 = Debug|Any CPU
		{56691F1E-0F0B-4A48-8127-7AE3723D5208}.Release|Any CPU.ActiveCfg = Release|Any CPU
		{56691F1E-0F0B-4A48-8127-7AE3723D5208}.Release|Any CPU.Build.0 = Release|Any CPU
	EndGlobalSection
	GlobalSection(SolutionProperties) = preSolution
		HideSolutionNode = FALSE
	EndGlobalSection
	GlobalSection(ExtensibilityGlobals) = postSolution
		SolutionGuid = {A6A894E5-050B-4850-8602-B3F6E21DDFCD}
	EndGlobalSection
EndGlobal
