
Microsoft Visual Studio Solution File, Format Version 12.00
# Visual Studio Version 16
VisualStudioVersion = 16.0.30204.135
MinimumVisualStudioVersion = 10.0.40219.1
Project("{9A19103F-16F7-4668-BE54-9A1E7A4F7556}") = "Triangulo", "Debug\Triangulo.csproj", "{80F7AE91-07EC-4F39-953C-5F8077217BF2}"
EndProject
Global
	GlobalSection(SolutionConfigurationPlatforms) = preSolution
		Debug|Any CPU = Debug|Any CPU
		Release|Any CPU = Release|Any CPU
	EndGlobalSection
	GlobalSection(ProjectConfigurationPlatforms) = postSolution
		{80F7AE91-07EC-4F39-953C-5F8077217BF2}.Debug|Any CPU.ActiveCfg = Debug|Any CPU
		{80F7AE91-07EC-4F39-953C-5F8077217BF2}.Debug|Any CPU.Build.0 = Debug|Any CPU
		{80F7AE91-07EC-4F39-953C-5F8077217BF2}.Release|Any CPU.ActiveCfg = Release|Any CPU
		{80F7AE91-07EC-4F39-953C-5F8077217BF2}.Release|Any CPU.Build.0 = Release|Any CPU
	EndGlobalSection
	GlobalSection(SolutionProperties) = preSolution
		HideSolutionNode = FALSE
	EndGlobalSection
	GlobalSection(ExtensibilityGlobals) = postSolution
		SolutionGuid = {5209898C-797A-458A-9FDA-9003187056CF}
	EndGlobalSection
EndGlobal
