
Microsoft Visual Studio Solution File, Format Version 12.00
# Visual Studio Version 16
VisualStudioVersion = 16.0.30204.135
MinimumVisualStudioVersion = 10.0.40219.1
Project("{FAE04EC0-301F-11D3-BF4B-00C04F79EFBC}") = "IntroducaoProgramacaoOrientadaObjetosExecicio1", "IntroducaoProgramacaoOrientadaObjetosExecicio1\IntroducaoProgramacaoOrientadaObjetosExecicio1.csproj", "{FD63A563-6508-42B4-9546-B7B5419A3585}"
EndProject
Global
	GlobalSection(SolutionConfigurationPlatforms) = preSolution
		Debug|Any CPU = Debug|Any CPU
		Release|Any CPU = Release|Any CPU
	EndGlobalSection
	GlobalSection(ProjectConfigurationPlatforms) = postSolution
		{FD63A563-6508-42B4-9546-B7B5419A3585}.Debug|Any CPU.ActiveCfg = Debug|Any CPU
		{FD63A563-6508-42B4-9546-B7B5419A3585}.Debug|Any CPU.Build.0 = Debug|Any CPU
		{FD63A563-6508-42B4-9546-B7B5419A3585}.Release|Any CPU.ActiveCfg = Release|Any CPU
		{FD63A563-6508-42B4-9546-B7B5419A3585}.Release|Any CPU.Build.0 = Release|Any CPU
	EndGlobalSection
	GlobalSection(SolutionProperties) = preSolution
		HideSolutionNode = FALSE
	EndGlobalSection
	GlobalSection(ExtensibilityGlobals) = postSolution
		SolutionGuid = {DBF7B5EB-05C3-4B1E-B2D0-2749B962C984}
	EndGlobalSection
EndGlobal
